
Microsoft Visual Studio Solution File, Format Version 12.00
# Visual Studio Version 16
VisualStudioVersion = 16.0.30907.101
MinimumVisualStudioVersion = 10.0.40219.1
Project("{FAE04EC0-301F-11D3-BF4B-00C04F79EFBC}") = "hourGlassExercise", "hourGlassExercise.csproj", "{56444C8F-8FA1-4C88-BBF4-BB9D8DF88163}"
EndProject
Global
	GlobalSection(SolutionConfigurationPlatforms) = preSolution
		Debug|Any CPU = Debug|Any CPU
		Release|Any CPU = Release|Any CPU
	EndGlobalSection
	GlobalSection(ProjectConfigurationPlatforms) = postSolution
		{56444C8F-8FA1-4C88-BBF4-BB9D8DF88163}.Debug|Any CPU.ActiveCfg = Debug|Any CPU
		{56444C8F-8FA1-4C88-BBF4-BB9D8DF88163}.Debug|Any CPU.Build.0 = Debug|Any CPU
		{56444C8F-8FA1-4C88-BBF4-BB9D8DF88163}.Release|Any CPU.ActiveCfg = Release|Any CPU
		{56444C8F-8FA1-4C88-BBF4-BB9D8DF88163}.Release|Any CPU.Build.0 = Release|Any CPU
	EndGlobalSection
	GlobalSection(SolutionProperties) = preSolution
		HideSolutionNode = FALSE
	EndGlobalSection
	GlobalSection(ExtensibilityGlobals) = postSolution
		SolutionGuid = {247DA8D9-934B-4CD5-9DB7-FA447D08D076}
	EndGlobalSection
EndGlobal
